
Microsoft Visual Studio Solution File, Format Version 12.00
# Visual Studio Version 16
VisualStudioVersion = 16.0.31727.386
MinimumVisualStudioVersion = 10.0.40219.1
Project("{FAE04EC0-301F-11D3-BF4B-00C04F79EFBC}") = "proyecto_Nel", "proyecto_Nel\proyecto_Nel.csproj", "{A03062D9-06B1-4ECC-84AB-3238845B170B}"
EndProject
Global
	GlobalSection(SolutionConfigurationPlatforms) = preSolution
		Debug|Any CPU = Debug|Any CPU
		Release|Any CPU = Release|Any CPU
	EndGlobalSection
	GlobalSection(ProjectConfigurationPlatforms) = postSolution
		{A03062D9-06B1-4ECC-84AB-3238845B170B}.Debug|Any CPU.ActiveCfg = Debug|Any CPU
		{A03062D9-06B1-4ECC-84AB-3238845B170B}.Debug|Any CPU.Build.0 = Debug|Any CPU
		{A03062D9-06B1-4ECC-84AB-3238845B170B}.Release|Any CPU.ActiveCfg = Release|Any CPU
		{A03062D9-06B1-4ECC-84AB-3238845B170B}.Release|Any CPU.Build.0 = Release|Any CPU
	EndGlobalSection
	GlobalSection(SolutionProperties) = preSolution
		HideSolutionNode = FALSE
	EndGlobalSection
	GlobalSection(ExtensibilityGlobals) = postSolution
		SolutionGuid = {95973C00-A4C1-4D54-B5C4-9459261B75AF}
	EndGlobalSection
EndGlobal
